
Microsoft Visual Studio Solution File, Format Version 12.00
# Visual Studio Version 17
VisualStudioVersion = 17.0.31903.59
MinimumVisualStudioVersion = 10.0.40219.1
Project("{FAE04EC0-301F-11D3-BF4B-00C04F79EFBC}") = "HellooworldApp.web", "HellooworldApp.web\HellooworldApp.web.csproj", "{673EC2B7-2FBE-43E0-B9DC-E74C8D69965D}"
EndProject
Global
	GlobalSection(SolutionConfigurationPlatforms) = preSolution
		Debug|Any CPU = Debug|Any CPU
		Release|Any CPU = Release|Any CPU
	EndGlobalSection
	GlobalSection(SolutionProperties) = preSolution
		HideSolutionNode = FALSE
	EndGlobalSection
	GlobalSection(ProjectConfigurationPlatforms) = postSolution
		{673EC2B7-2FBE-43E0-B9DC-E74C8D69965D}.Debug|Any CPU.ActiveCfg = Debug|Any CPU
		{673EC2B7-2FBE-43E0-B9DC-E74C8D69965D}.Debug|Any CPU.Build.0 = Debug|Any CPU
		{673EC2B7-2FBE-43E0-B9DC-E74C8D69965D}.Release|Any CPU.ActiveCfg = Release|Any CPU
		{673EC2B7-2FBE-43E0-B9DC-E74C8D69965D}.Release|Any CPU.Build.0 = Release|Any CPU
	EndGlobalSection
EndGlobal
